// !$*UTF8*$!
{
	archiveVersion = 1;
	classes = {
	};
	objectVersion = 77;
	objects = {

/* Begin PBXBuildFile section */
		DE5F1BC92E5FD21500A91735 /* FirebaseAuth in Frameworks */ = {isa = PBXBuildFile; productRef = DE5F1B682E5FCB0100A91735 /* FirebaseAuth */; };
		DE5F1BCA2E5FD21500A91735 /* FirebaseCore in Frameworks */ = {isa = PBXBuildFile; productRef = DE5F1B6A2E5FCB0100A91735 /* FirebaseCore */; };
		DE5F1BCB2E5FD21500A91735 /* FirebaseFirestore in Frameworks */ = {isa = PBXBuildFile; productRef = DE5F1B6C2E5FCB0100A91735 /* FirebaseFirestore */; };
		DE5F1BCC2E5FD21500A91735 /* FirebaseStorage in Frameworks */ = {isa = PBXBuildFile; productRef = DE5F1B6E2E5FCB0100A91735 /* FirebaseStorage */; };
/* End PBXBuildFile section */

/* Begin PBXContainerItemProxy section */
		DE918C022E5FC87600340EB3 /* PBXContainerItemProxy */ = {
			isa = PBXContainerItemProxy;
			containerPortal = DE918AFE2E5FC87300340EB2 /* Project object */;
			proxyType = 1;
			remoteGlobalIDString = DE918B052E5FC87300340EB2;
			remoteInfo = shigodeki;
		};
/* End PBXContainerItemProxy section */

/* Begin PBXFileReference section */
		DE918B062E5FC87300340EB2 /* shigodeki.app */ = {isa = PBXFileReference; explicitFileType = wrapper.application; includeInIndex = 0; path = shigodeki.app; sourceTree = BUILT_PRODUCTS_DIR; };
		DE918BFF2E5FC87600340EB3 /* shigodekiTests.xctest */ = {isa = PBXFileReference; explicitFileType = wrapper.cfbundle; includeInIndex = 0; path = shigodekiTests.xctest; sourceTree = BUILT_PRODUCTS_DIR; };
/* End PBXFileReference section */

/* Begin PBXFileSystemSynchronizedBuildFileExceptionSet section */
		DE918B162E5FC87600340EB2 /* Exceptions for "shigodeki" folder in "shigodeki" target */ = {
			isa = PBXFileSystemSynchronizedBuildFileExceptionSet;
			membershipExceptions = (
				"GoogleService-Info.plist",
				Info.plist,
			);
			target = DE918B052E5FC87300340EB2 /* shigodeki */;
		};
/* End PBXFileSystemSynchronizedBuildFileExceptionSet section */

/* Begin PBXFileSystemSynchronizedRootGroup section */
		DE918B082E5FC87300340EB2 /* shigodeki */ = {
			isa = PBXFileSystemSynchronizedRootGroup;
			exceptions = (
				DE918B162E5FC87600340EB2 /* Exceptions for "shigodeki" folder in "shigodeki" target */,
			);
			path = shigodeki;
			sourceTree = "<group>";
		};
		DE918BFE2E5FC87600340EB3 /* shigodekiTests */ = {
			isa = PBXFileSystemSynchronizedRootGroup;
			path = shigodekiTests;
			sourceTree = "<group>";
		};
/* End PBXFileSystemSynchronizedRootGroup section */

/* Begin PBXFrameworksBuildPhase section */
		DE918B032E5FC87300340EB2 /* Frameworks */ = {
			isa = PBXFrameworksBuildPhase;
			buildActionMask = 2147483647;
			files = (
				DE5F1BCC2E5FD21500A91735 /* FirebaseStorage in Frameworks */,
				DE5F1BCB2E5FD21500A91735 /* FirebaseFirestore in Frameworks */,
				DE5F1BCA2E5FD21500A91735 /* FirebaseCore in Frameworks */,
				DE5F1BC92E5FD21500A91735 /* FirebaseAuth in Frameworks */,
			);
			runOnlyForDeploymentPostprocessing = 0;
		};
		DE918BFC2E5FC87600340EB3 /* Frameworks */ = {
			isa = PBXFrameworksBuildPhase;
			buildActionMask = 2147483647;
			files = (
			);
			runOnlyForDeploymentPostprocessing = 0;
		};
/* End PBXFrameworksBuildPhase section */

/* Begin PBXGroup section */
		DE5F1BE62E5FD31100A91735 /* Frameworks */ = {
			isa = PBXGroup;
			children = (
			);
			name = Frameworks;
			sourceTree = "<group>";
		};
		DE918AFD2E5FC87300340EB2 = {
			isa = PBXGroup;
			children = (
				DE918B082E5FC87300340EB2 /* shigodeki */,
				DE918BFE2E5FC87600340EB3 /* shigodekiTests */,
				DE5F1BE62E5FD31100A91735 /* Frameworks */,
				DE918B072E5FC87300340EB2 /* Products */,
			);
			sourceTree = "<group>";
		};
		DE918B072E5FC87300340EB2 /* Products */ = {
			isa = PBXGroup;
			children = (
				DE918B062E5FC87300340EB2 /* shigodeki.app */,
				DE918BFF2E5FC87600340EB3 /* shigodekiTests.xctest */,
			);
			name = Products;
			sourceTree = "<group>";
		};
/* End PBXGroup section */

/* Begin PBXNativeTarget section */
		DE918B052E5FC87300340EB2 /* shigodeki */ = {
			isa = PBXNativeTarget;
			buildConfigurationList = DE918B172E5FC87600340EB2 /* Build configuration list for PBXNativeTarget "shigodeki" */;
			buildPhases = (
				DE918B022E5FC87300340EB2 /* Sources */,
				DE918B032E5FC87300340EB2 /* Frameworks */,
				DE918B042E5FC87300340EB2 /* Resources */,
				DE5F1B672E5FCAE600A91735 /* ShellScript */,
			);
			buildRules = (
			);
			dependencies = (
			);
			fileSystemSynchronizedGroups = (
				DE918B082E5FC87300340EB2 /* shigodeki */,
			);
			name = shigodeki;
			packageProductDependencies = (
				DE5F1B682E5FCB0100A91735 /* FirebaseAuth */,
				DE5F1B6A2E5FCB0100A91735 /* FirebaseCore */,
				DE5F1B6C2E5FCB0100A91735 /* FirebaseFirestore */,
				DE5F1B6E2E5FCB0100A91735 /* FirebaseStorage */,
			);
			productName = shigodeki;
			productReference = DE918B062E5FC87300340EB2 /* shigodeki.app */;
			productType = "com.apple.product-type.application";
		};
		DE918BFB2E5FC87600340EB3 /* shigodekiTests */ = {
			isa = PBXNativeTarget;
			buildConfigurationList = DE918C002E5FC87600340EB3 /* Build configuration list for PBXNativeTarget "shigodekiTests" */;
			buildPhases = (
				DE918BF92E5FC87600340EB3 /* Sources */,
				DE918BFC2E5FC87600340EB3 /* Frameworks */,
				DE918BFD2E5FC87600340EB3 /* Resources */,
			);
			buildRules = (
			);
			dependencies = (
				DE918C032E5FC87600340EB3 /* PBXTargetDependency */,
			);
			fileSystemSynchronizedGroups = (
				DE918BFE2E5FC87600340EB3 /* shigodekiTests */,
			);
			name = shigodekiTests;
			packageProductDependencies = (
			);
			productName = shigodekiTests;
			productReference = DE918BFF2E5FC87600340EB3 /* shigodekiTests.xctest */;
			productType = "com.apple.product-type.bundle.unit-test";
		};
/* End PBXNativeTarget section */

/* Begin PBXProject section */
		DE918AFE2E5FC87300340EB2 /* Project object */ = {
			isa = PBXProject;
			attributes = {
				BuildIndependentTargetsInParallel = 1;
				LastSwiftUpdateCheck = 1640;
				LastUpgradeCheck = 1640;
				TargetAttributes = {
					DE918B052E5FC87300340EB2 = {
						CreatedOnToolsVersion = 16.4;
					};
					DE918BFB2E5FC87600340EB3 = {
						CreatedOnToolsVersion = 16.4;
						TestTargetID = DE918B052E5FC87300340EB2;
					};
				};
			};
			buildConfigurationList = DE918B012E5FC87300340EB2 /* Build configuration list for PBXProject "shigodeki" */;
			developmentRegion = en;
			hasScannedForEncodings = 0;
			knownRegions = (
				en,
				Base,
			);
			mainGroup = DE918AFD2E5FC87300340EB2;
			minimizedProjectReferenceProxies = 1;
			packageReferences = (
				DE5F1B662E5FCA9700A91735 /* XCRemoteSwiftPackageReference "firebase-ios-sdk" */,
			);
			preferredProjectObjectVersion = 77;
			productRefGroup = DE918B072E5FC87300340EB2 /* Products */;
			projectDirPath = "";
			projectRoot = "";
			targets = (
				DE918B052E5FC87300340EB2 /* shigodeki */,
				DE918BFB2E5FC87600340EB3 /* shigodekiTests */,
			);
		};
/* End PBXProject section */

/* Begin PBXResourcesBuildPhase section */
		DE918B042E5FC87300340EB2 /* Resources */ = {
			isa = PBXResourcesBuildPhase;
			buildActionMask = 2147483647;
			files = (
			);
			runOnlyForDeploymentPostprocessing = 0;
		};
		DE918BFD2E5FC87600340EB3 /* Resources */ = {
			isa = PBXResourcesBuildPhase;
			buildActionMask = 2147483647;
			files = (
			);
			runOnlyForDeploymentPostprocessing = 0;
		};
/* End PBXResourcesBuildPhase section */

/* Begin PBXShellScriptBuildPhase section */
		DE5F1B672E5FCAE600A91735 /* ShellScript */ = {
			isa = PBXShellScriptBuildPhase;
			alwaysOutOfDate = 1;
			buildActionMask = 2147483647;
			files = (
			);
			inputFileListPaths = (
			);
			inputPaths = (
				"$(SRCROOT)/Firebase/Config/GoogleService-Info-Dev.plist",
				"$(SRCROOT)/Firebase/Config/GoogleService-Info-Prod.plist",
				"$(SRCROOT)/Firebase/Scripts/copy-config.sh",
			);
			outputFileListPaths = (
			);
			outputPaths = (
				"$(TARGET_BUILD_DIR)/$(WRAPPER_NAME)/GoogleService-Info.plist",
			);
			runOnlyForDeploymentPostprocessing = 0;
			shellPath = /bin/sh;
			shellScript = "${SRCROOT}/Firebase/Scripts/copy-config.sh\n";
		};
/* End PBXShellScriptBuildPhase section */

/* Begin PBXSourcesBuildPhase section */
		DE918B022E5FC87300340EB2 /* Sources */ = {
			isa = PBXSourcesBuildPhase;
			buildActionMask = 2147483647;
			files = (
			);
			runOnlyForDeploymentPostprocessing = 0;
		};
		DE918BF92E5FC87600340EB3 /* Sources */ = {
			isa = PBXSourcesBuildPhase;
			buildActionMask = 2147483647;
			files = (
			);
			runOnlyForDeploymentPostprocessing = 0;
		};
/* End PBXSourcesBuildPhase section */

/* Begin PBXTargetDependency section */
		DE918C032E5FC87600340EB3 /* PBXTargetDependency */ = {
			isa = PBXTargetDependency;
			target = DE918B052E5FC87300340EB2 /* shigodeki */;
			targetProxy = DE918C022E5FC87600340EB3 /* PBXContainerItemProxy */;
		};
/* End PBXTargetDependency section */

/* Begin XCBuildConfiguration section */
		DE918B182E5FC87600340EB2 /* Debug */ = {
			isa = XCBuildConfiguration;
			buildSettings = {
				ASSETCATALOG_COMPILER_APPICON_NAME = AppIcon;
				ASSETCATALOG_COMPILER_GLOBAL_ACCENT_COLOR_NAME = AccentColor;
				CODE_SIGN_ENTITLEMENTS = shigodeki/shigodeki.entitlements;
				CODE_SIGN_STYLE = Automatic;
				CURRENT_PROJECT_VERSION = 8;
				DEVELOPMENT_TEAM = Z88477N5ZU;
				ENABLE_PREVIEWS = YES;
				GENERATE_INFOPLIST_FILE = YES;
				INFOPLIST_FILE = shigodeki/Info.plist;
				INFOPLIST_KEY_CFBundleDisplayName = "シゴデキ！";
				INFOPLIST_KEY_LSApplicationCategoryType = "public.app-category.productivity";
				INFOPLIST_KEY_UIApplicationSceneManifest_Generation = YES;
				INFOPLIST_KEY_UIApplicationSupportsIndirectInputEvents = YES;
				INFOPLIST_KEY_UILaunchScreen_Generation = YES;
				INFOPLIST_KEY_UISupportedInterfaceOrientations_iPad = "UIInterfaceOrientationPortrait UIInterfaceOrientationPortraitUpsideDown UIInterfaceOrientationLandscapeLeft UIInterfaceOrientationLandscapeRight";
				INFOPLIST_KEY_UISupportedInterfaceOrientations_iPhone = "UIInterfaceOrientationPortrait UIInterfaceOrientationLandscapeLeft UIInterfaceOrientationLandscapeRight";
				LD_RUNPATH_SEARCH_PATHS = (
					"$(inherited)",
					"@executable_path/Frameworks",
				);
				MARKETING_VERSION = 1.4;
				PRODUCT_BUNDLE_IDENTIFIER = com.hiroshikodera.shigodeki.dev;
				PRODUCT_NAME = "$(TARGET_NAME)";
				SUPPORTED_PLATFORMS = "iphoneos iphonesimulator";
				SUPPORTS_MACCATALYST = NO;
				SUPPORTS_MAC_DESIGNED_FOR_IPHONE_IPAD = NO;
				SUPPORTS_XR_DESIGNED_FOR_IPHONE_IPAD = NO;
				SWIFT_EMIT_LOC_STRINGS = YES;
				SWIFT_VERSION = 5.0;
				TARGETED_DEVICE_FAMILY = "1,2";
			};
			name = Debug;
		};
		DE918B192E5FC87600340EB2 /* Release */ = {
			isa = XCBuildConfiguration;
			buildSettings = {
				ASSETCATALOG_COMPILER_APPICON_NAME = AppIcon;
				ASSETCATALOG_COMPILER_GLOBAL_ACCENT_COLOR_NAME = AccentColor;
				CODE_SIGN_ENTITLEMENTS = shigodeki/shigodeki.entitlements;
				CODE_SIGN_STYLE = Automatic;
				CURRENT_PROJECT_VERSION = 8;
				DEVELOPMENT_TEAM = Z88477N5ZU;
				ENABLE_PREVIEWS = YES;
				GENERATE_INFOPLIST_FILE = YES;
				INFOPLIST_FILE = shigodeki/Info.plist;
				INFOPLIST_KEY_CFBundleDisplayName = "シゴデキ！";
				INFOPLIST_KEY_LSApplicationCategoryType = "public.app-category.productivity";
				INFOPLIST_KEY_UIApplicationSceneManifest_Generation = YES;
				INFOPLIST_KEY_UIApplicationSupportsIndirectInputEvents = YES;
				INFOPLIST_KEY_UILaunchScreen_Generation = YES;
				INFOPLIST_KEY_UISupportedInterfaceOrientations_iPad = "UIInterfaceOrientationPortrait UIInterfaceOrientationPortraitUpsideDown UIInterfaceOrientationLandscapeLeft UIInterfaceOrientationLandscapeRight";
				INFOPLIST_KEY_UISupportedInterfaceOrientations_iPhone = "UIInterfaceOrientationPortrait UIInterfaceOrientationLandscapeLeft UIInterfaceOrientationLandscapeRight";
				LD_RUNPATH_SEARCH_PATHS = (
					"$(inherited)",
					"@executable_path/Frameworks",
				);
				MARKETING_VERSION = 1.4;
				PRODUCT_BUNDLE_IDENTIFIER = com.hiroshikodera.shigodeki;
				PRODUCT_NAME = "$(TARGET_NAME)";
				SUPPORTED_PLATFORMS = "iphoneos iphonesimulator";
				SUPPORTS_MACCATALYST = NO;
				SUPPORTS_MAC_DESIGNED_FOR_IPHONE_IPAD = NO;
				SUPPORTS_XR_DESIGNED_FOR_IPHONE_IPAD = NO;
				SWIFT_EMIT_LOC_STRINGS = YES;
				SWIFT_VERSION = 5.0;
				TARGETED_DEVICE_FAMILY = "1,2";
				UPLOAD_SYMBOLS_AND_BITCODE = YES;
			};
			name = Release;
		};
		DE918B1A2E5FC87600340EB2 /* Debug */ = {
			isa = XCBuildConfiguration;
			buildSettings = {
				ALWAYS_SEARCH_USER_PATHS = NO;
				ASSETCATALOG_COMPILER_GENERATE_SWIFT_ASSET_SYMBOL_EXTENSIONS = YES;
				CLANG_ANALYZER_NONNULL = YES;
				CLANG_ANALYZER_NUMBER_OBJECT_CONVERSION = YES_AGGRESSIVE;
				CLANG_CXX_LANGUAGE_STANDARD = "gnu++20";
				CLANG_ENABLE_MODULES = YES;
				CLANG_ENABLE_OBJC_ARC = YES;
				CLANG_ENABLE_OBJC_WEAK = YES;
				CLANG_WARN_BLOCK_CAPTURE_AUTORELEASING = YES;
				CLANG_WARN_BOOL_CONVERSION = YES;
				CLANG_WARN_COMMA = YES;
				CLANG_WARN_CONSTANT_CONVERSION = YES;
				CLANG_WARN_DEPRECATED_OBJC_IMPLEMENTATIONS = YES;
				CLANG_WARN_DIRECT_OBJC_ISA_USAGE = YES_ERROR;
				CLANG_WARN_DOCUMENTATION_COMMENTS = YES;
				CLANG_WARN_EMPTY_BODY = YES;
				CLANG_WARN_ENUM_CONVERSION = YES;
				CLANG_WARN_INFINITE_RECURSION = YES;
				CLANG_WARN_INT_CONVERSION = YES;
				CLANG_WARN_NON_LITERAL_NULL_CONVERSION = YES;
				CLANG_WARN_OBJC_IMPLICIT_RETAIN_SELF = YES;
				CLANG_WARN_OBJC_LITERAL_CONVERSION = YES;
				CLANG_WARN_OBJC_ROOT_CLASS = YES_ERROR;
				CLANG_WARN_QUOTED_INCLUDE_IN_FRAMEWORK_HEADER = YES;
				CLANG_WARN_RANGE_LOOP_ANALYSIS = YES;
				CLANG_WARN_STRICT_PROTOTYPES = YES;
				CLANG_WARN_SUSPICIOUS_MOVE = YES;
				CLANG_WARN_UNGUARDED_AVAILABILITY = YES_AGGRESSIVE;
				CLANG_WARN_UNREACHABLE_CODE = YES;
				CLANG_WARN__DUPLICATE_METHOD_MATCH = YES;
				COPY_PHASE_STRIP = NO;
				DEBUG_INFORMATION_FORMAT = dwarf;
				DEVELOPMENT_TEAM = Z88477N5ZU;
				ENABLE_STRICT_OBJC_MSGSEND = YES;
				ENABLE_TESTABILITY = YES;
				ENABLE_USER_SCRIPT_SANDBOXING = YES;
				GCC_C_LANGUAGE_STANDARD = gnu17;
				GCC_DYNAMIC_NO_PIC = NO;
				GCC_NO_COMMON_BLOCKS = YES;
				GCC_OPTIMIZATION_LEVEL = 0;
				GCC_PREPROCESSOR_DEFINITIONS = (
					"DEBUG=1",
					"$(inherited)",
				);
				GCC_WARN_64_TO_32_BIT_CONVERSION = YES;
				GCC_WARN_ABOUT_RETURN_TYPE = YES_ERROR;
				GCC_WARN_UNDECLARED_SELECTOR = YES;
				GCC_WARN_UNINITIALIZED_AUTOS = YES_AGGRESSIVE;
				GCC_WARN_UNUSED_FUNCTION = YES;
				GCC_WARN_UNUSED_VARIABLE = YES;
				IPHONEOS_DEPLOYMENT_TARGET = 18.5;
				LOCALIZATION_PREFERS_STRING_CATALOGS = YES;
				MTL_ENABLE_DEBUG_INFO = INCLUDE_SOURCE;
				MTL_FAST_MATH = YES;
				ONLY_ACTIVE_ARCH = YES;
				SDKROOT = iphoneos;
				SWIFT_ACTIVE_COMPILATION_CONDITIONS = "DEBUG $(inherited)";
				SWIFT_OPTIMIZATION_LEVEL = "-Onone";
			};
			name = Debug;
		};
		DE918B1B2E5FC87600340EB2 /* Release */ = {
			isa = XCBuildConfiguration;
			buildSettings = {
				ALWAYS_SEARCH_USER_PATHS = NO;
				ASSETCATALOG_COMPILER_GENERATE_SWIFT_ASSET_SYMBOL_EXTENSIONS = YES;
				CLANG_ANALYZER_NONNULL = YES;
				CLANG_ANALYZER_NUMBER_OBJECT_CONVERSION = YES_AGGRESSIVE;
				CLANG_CXX_LANGUAGE_STANDARD = "gnu++20";
				CLANG_ENABLE_MODULES = YES;
				CLANG_ENABLE_OBJC_ARC = YES;
				CLANG_ENABLE_OBJC_WEAK = YES;
				CLANG_WARN_BLOCK_CAPTURE_AUTORELEASING = YES;
				CLANG_WARN_BOOL_CONVERSION = YES;
				CLANG_WARN_COMMA = YES;
				CLANG_WARN_CONSTANT_CONVERSION = YES;
				CLANG_WARN_DEPRECATED_OBJC_IMPLEMENTATIONS = YES;
				CLANG_WARN_DIRECT_OBJC_ISA_USAGE = YES_ERROR;
				CLANG_WARN_DOCUMENTATION_COMMENTS = YES;
				CLANG_WARN_EMPTY_BODY = YES;
				CLANG_WARN_ENUM_CONVERSION = YES;
				CLANG_WARN_INFINITE_RECURSION = YES;
				CLANG_WARN_INT_CONVERSION = YES;
				CLANG_WARN_NON_LITERAL_NULL_CONVERSION = YES;
				CLANG_WARN_OBJC_IMPLICIT_RETAIN_SELF = YES;
				CLANG_WARN_OBJC_LITERAL_CONVERSION = YES;
				CLANG_WARN_OBJC_ROOT_CLASS = YES_ERROR;
				CLANG_WARN_QUOTED_INCLUDE_IN_FRAMEWORK_HEADER = YES;
				CLANG_WARN_RANGE_LOOP_ANALYSIS = YES;
				CLANG_WARN_STRICT_PROTOTYPES = YES;
				CLANG_WARN_SUSPICIOUS_MOVE = YES;
				CLANG_WARN_UNGUARDED_AVAILABILITY = YES_AGGRESSIVE;
				CLANG_WARN_UNREACHABLE_CODE = YES;
				CLANG_WARN__DUPLICATE_METHOD_MATCH = YES;
				COPY_PHASE_STRIP = NO;
				DEBUG_INFORMATION_FORMAT = "dwarf-with-dsym";
				DEVELOPMENT_TEAM = Z88477N5ZU;
				DWARF_DSYM_FOLDER_PATH = "$(BUILT_PRODUCTS_DIR)";
				ENABLE_NS_ASSERTIONS = NO;
				ENABLE_STRICT_OBJC_MSGSEND = YES;
				ENABLE_USER_SCRIPT_SANDBOXING = YES;
				GCC_C_LANGUAGE_STANDARD = gnu17;
				GCC_NO_COMMON_BLOCKS = YES;
				GCC_WARN_64_TO_32_BIT_CONVERSION = YES;
				GCC_WARN_ABOUT_RETURN_TYPE = YES_ERROR;
				GCC_WARN_UNDECLARED_SELECTOR = YES;
				GCC_WARN_UNINITIALIZED_AUTOS = YES_AGGRESSIVE;
				GCC_WARN_UNUSED_FUNCTION = YES;
				GCC_WARN_UNUSED_VARIABLE = YES;
				IPHONEOS_DEPLOYMENT_TARGET = 18.5;
				LOCALIZATION_PREFERS_STRING_CATALOGS = YES;
				MTL_ENABLE_DEBUG_INFO = NO;
				MTL_FAST_MATH = YES;
				SDKROOT = iphoneos;
				SWIFT_COMPILATION_MODE = wholemodule;
				VALIDATE_PRODUCT = YES;
			};
			name = Release;
		};
		DE918C012E5FC87600340EB3 /* Debug */ = {
			isa = XCBuildConfiguration;
			buildSettings = {
				BUNDLE_LOADER = "$(TEST_HOST)";
				CODE_SIGN_STYLE = Automatic;
				CURRENT_PROJECT_VERSION = 3;
				DEVELOPMENT_TEAM = Z88477N5ZU;
				GENERATE_INFOPLIST_FILE = YES;
				IPHONEOS_DEPLOYMENT_TARGET = 18.5;
				MARKETING_VERSION = 1.3;
				PRODUCT_BUNDLE_IDENTIFIER = com.hiroshikodera.shigodeki.dev.shigodekiTests;
				PRODUCT_NAME = "$(TARGET_NAME)";
				SUPPORTED_PLATFORMS = "iphoneos iphonesimulator";
				SUPPORTS_MACCATALYST = NO;
				SUPPORTS_MAC_DESIGNED_FOR_IPHONE_IPAD = NO;
				SUPPORTS_XR_DESIGNED_FOR_IPHONE_IPAD = NO;
				SWIFT_EMIT_LOC_STRINGS = NO;
				SWIFT_VERSION = 5.0;
				TARGETED_DEVICE_FAMILY = "1,2";
				TEST_HOST = "$(BUILT_PRODUCTS_DIR)/shigodeki.app/$(BUNDLE_EXECUTABLE_FOLDER_PATH)/shigodeki";
			};
			name = Debug;
		};
		DE918C042E5FC87600340EB3 /* Release */ = {
			isa = XCBuildConfiguration;
			buildSettings = {
				BUNDLE_LOADER = "$(TEST_HOST)";
				CODE_SIGN_STYLE = Automatic;
				CURRENT_PROJECT_VERSION = 3;
				DEVELOPMENT_TEAM = Z88477N5ZU;
				GENERATE_INFOPLIST_FILE = YES;
				IPHONEOS_DEPLOYMENT_TARGET = 18.5;
				MARKETING_VERSION = 1.3;
				PRODUCT_BUNDLE_IDENTIFIER = com.hiroshikodera.shigodeki.shigodekiTests;
				PRODUCT_NAME = "$(TARGET_NAME)";
				SUPPORTED_PLATFORMS = "iphoneos iphonesimulator";
				SUPPORTS_MACCATALYST = NO;
				SUPPORTS_MAC_DESIGNED_FOR_IPHONE_IPAD = NO;
				SUPPORTS_XR_DESIGNED_FOR_IPHONE_IPAD = NO;
				SWIFT_EMIT_LOC_STRINGS = NO;
				SWIFT_VERSION = 5.0;
				TARGETED_DEVICE_FAMILY = "1,2";
				TEST_HOST = "$(BUILT_PRODUCTS_DIR)/shigodeki.app/$(BUNDLE_EXECUTABLE_FOLDER_PATH)/shigodeki";
			};
			name = Release;
		};
/* End XCBuildConfiguration section */

/* Begin XCConfigurationList section */
		DE918B012E5FC87300340EB2 /* Build configuration list for PBXProject "shigodeki" */ = {
			isa = XCConfigurationList;
			buildConfigurations = (
				DE918B1A2E5FC87600340EB2 /* Debug */,
				DE918B1B2E5FC87600340EB2 /* Release */,
			);
			defaultConfigurationIsVisible = 0;
			defaultConfigurationName = Debug;
		};
		DE918B172E5FC87600340EB2 /* Build configuration list for PBXNativeTarget "shigodeki" */ = {
			isa = XCConfigurationList;
			buildConfigurations = (
				DE918B182E5FC87600340EB2 /* Debug */,
				DE918B192E5FC87600340EB2 /* Release */,
			);
			defaultConfigurationIsVisible = 0;
			defaultConfigurationName = Debug;
		};
		DE918C002E5FC87600340EB3 /* Build configuration list for PBXNativeTarget "shigodekiTests" */ = {
			isa = XCConfigurationList;
			buildConfigurations = (
				DE918C012E5FC87600340EB3 /* Debug */,
				DE918C042E5FC87600340EB3 /* Release */,
			);
			defaultConfigurationIsVisible = 0;
			defaultConfigurationName = Debug;
		};
/* End XCConfigurationList section */

/* Begin XCRemoteSwiftPackageReference section */
		DE5F1B662E5FCA9700A91735 /* XCRemoteSwiftPackageReference "firebase-ios-sdk" */ = {
			isa = XCRemoteSwiftPackageReference;
			repositoryURL = "https://github.com/firebase/firebase-ios-sdk";
			requirement = {
				kind = upToNextMajorVersion;
				minimumVersion = 12.2.0;
			};
		};
/* End XCRemoteSwiftPackageReference section */

/* Begin XCSwiftPackageProductDependency section */
		DE5F1B682E5FCB0100A91735 /* FirebaseAuth */ = {
			isa = XCSwiftPackageProductDependency;
			package = DE5F1B662E5FCA9700A91735 /* XCRemoteSwiftPackageReference "firebase-ios-sdk" */;
			productName = FirebaseAuth;
		};
		DE5F1B6A2E5FCB0100A91735 /* FirebaseCore */ = {
			isa = XCSwiftPackageProductDependency;
			package = DE5F1B662E5FCA9700A91735 /* XCRemoteSwiftPackageReference "firebase-ios-sdk" */;
			productName = FirebaseCore;
		};
		DE5F1B6C2E5FCB0100A91735 /* FirebaseFirestore */ = {
			isa = XCSwiftPackageProductDependency;
			package = DE5F1B662E5FCA9700A91735 /* XCRemoteSwiftPackageReference "firebase-ios-sdk" */;
			productName = FirebaseFirestore;
		};
		DE5F1B6E2E5FCB0100A91735 /* FirebaseStorage */ = {
			isa = XCSwiftPackageProductDependency;
			package = DE5F1B662E5FCA9700A91735 /* XCRemoteSwiftPackageReference "firebase-ios-sdk" */;
			productName = FirebaseStorage;
		};
/* End XCSwiftPackageProductDependency section */
	};
	rootObject = DE918AFE2E5FC87300340EB2 /* Project object */;
}
